{
  "requires": true,
  "lockfileVersion": 1,
  "dependencies": {
    "datatables.net": {
      "version": "1.10.19",
      "resolved": "https://registry.npmjs.org/datatables.net/-/datatables.net-1.10.19.tgz",
      "integrity": "sha512-+ljXcI6Pj3PTGy5pesp3E5Dr3x3AV45EZe0o1r0gKENN2gafBKXodVnk2ypKwl2tTmivjxbkiqoWnipTefyBTA==",
      "requires": {
        "jquery": ">=1.7"
      }
    },
    "datatables.net-autofill": {
      "version": "2.3.2",
      "resolved": "https://registry.npmjs.org/datatables.net-autofill/-/datatables.net-autofill-2.3.2.tgz",
      "integrity": "sha512-34myYoVhF4YdBeOFM351oBAbyW9IZzosDxAScXPq11V8XXUMoh3dA7X6YrKo6VZlDqp5o6k/QLZaPBVAtdXWjA==",
      "requires": {
        "datatables.net": "^1.10.15",
        "jquery": ">=1.7"
      }
    },
    "datatables.net-autofill-dt": {
      "version": "2.3.2",
      "resolved": "https://registry.npmjs.org/datatables.net-autofill-dt/-/datatables.net-autofill-dt-2.3.2.tgz",
      "integrity": "sha512-OhdzJkITOc6fgdkqOgzxMEdjFkufJCoAqBh4xfYZHVzakoF0fXAIXujbRz5IB/9gevzgQfZsnSon+TF+JtLSjQ==",
      "requires": {
        "datatables.net-autofill": "2.3.2",
        "datatables.net-dt": "^1.10.15",
        "jquery": ">=1.7"
      }
    },
    "datatables.net-bs4": {
      "version": "1.10.19",
      "resolved": "https://registry.npmjs.org/datatables.net-bs4/-/datatables.net-bs4-1.10.19.tgz",
      "integrity": "sha512-pgeP17w4aPR7HIxIwuJghfqXULjdg1K6xMUUKDyCERJRSNNK4MRToFfELtIsluLNN555YBK4Kx8nihX5/ZT1Fw==",
      "requires": {
        "datatables.net": "1.10.19",
        "jquery": ">=1.7"
      }
    },
    "datatables.net-buttons": {
      "version": "1.5.4",
      "resolved": "https://registry.npmjs.org/datatables.net-buttons/-/datatables.net-buttons-1.5.4.tgz",
      "integrity": "sha512-xfo/23sGVXQW0kj2jLH6PzkhnXv+yGPrUXh7/ZT7xvCL1sNt8MLLf0tPLyrWynyeaew+Qvx5NBZer4MLxmisyw==",
      "requires": {
        "datatables.net": "^1.10.15",
        "jquery": ">=1.7"
      }
    },
    "datatables.net-buttons-dt": {
      "version": "1.5.4",
      "resolved": "https://registry.npmjs.org/datatables.net-buttons-dt/-/datatables.net-buttons-dt-1.5.4.tgz",
      "integrity": "sha512-RZJyggAxXMlRrGu2Mnw101tSUAcLYx5Nzcw6mvywjGBnfGrJ4x8DG52qQjHr9xZD6wx3Beku7cb0NtkDGNmg0w==",
      "requires": {
        "datatables.net-buttons": "1.5.4",
        "datatables.net-dt": "^1.10.15",
        "jquery": ">=1.7"
      }
    },
    "datatables.net-colreorder": {
      "version": "1.5.1",
      "resolved": "https://registry.npmjs.org/datatables.net-colreorder/-/datatables.net-colreorder-1.5.1.tgz",
      "integrity": "sha512-nKV0ZBOdOG+CCrtDZZlTOvhu9NC53pr4rYR8Xhd3KIKipLZohWWdBoOFGMu+VKDvllg2Xj79oS/wicYSiNyteA==",
      "requires": {
        "datatables.net": "^1.10.15",
        "jquery": ">=1.7"
      }
    },
    "datatables.net-colreorder-dt": {
      "version": "1.5.1",
      "resolved": "https://registry.npmjs.org/datatables.net-colreorder-dt/-/datatables.net-colreorder-dt-1.5.1.tgz",
      "integrity": "sha512-V8WXOBZbaNCYz7TApHkox746RX96JMPykfn3I2M2v605BrfyqiGet2bTxrdHieLVea1uyAyqyc00Od/dZ67HjQ==",
      "requires": {
        "datatables.net-colreorder": "1.5.1",
        "datatables.net-dt": "^1.10.15",
        "jquery": ">=1.7"
      }
    },
    "datatables.net-dt": {
      "version": "1.10.19",
      "resolved": "https://registry.npmjs.org/datatables.net-dt/-/datatables.net-dt-1.10.19.tgz",
      "integrity": "sha512-joFHYjLYvr9VnC9Fx3e+8jtXnQ/fP/mPFWt9p0NhZ3Zm5N0jlYyWhJQbnLkihOLuDcDFMaGdBQSvmIdTVdgGyw==",
      "requires": {
        "datatables.net": "1.10.19",
        "jquery": ">=1.7"
      }
    },
    "datatables.net-fixedcolumns": {
      "version": "3.2.6",
      "resolved": "https://registry.npmjs.org/datatables.net-fixedcolumns/-/datatables.net-fixedcolumns-3.2.6.tgz",
      "integrity": "sha512-PtEs2tllcHRVZj7fwmAQBWGJ5URRQZpDG2pJsh5jusvnRje3w1+KueMZm60iCtfOkIlUn+/j2+MghxLx/8yfKQ==",
      "requires": {
        "datatables.net": "^1.10.15",
        "jquery": ">=1.7"
      }
    },
    "datatables.net-fixedcolumns-dt": {
      "version": "3.2.6",
      "resolved": "https://registry.npmjs.org/datatables.net-fixedcolumns-dt/-/datatables.net-fixedcolumns-dt-3.2.6.tgz",
      "integrity": "sha512-nptzhSeFSLSDMlnqTwuBT11htbOHa7mKUIjRP8+znIlNIifr0T6GEibr0TwaCcYegY7sLL00RDM+F7P+KC5gOA==",
      "requires": {
        "datatables.net-dt": "^1.10.15",
        "datatables.net-fixedcolumns": "3.2.6",
        "jquery": ">=1.7"
      }
    },
    "datatables.net-fixedheader": {
      "version": "3.1.5",
      "resolved": "https://registry.npmjs.org/datatables.net-fixedheader/-/datatables.net-fixedheader-3.1.5.tgz",
      "integrity": "sha512-k5Hdj9uDe9iodr/F5Upq7D3rkO6Cw6XpnPRlfk38B0Imb+Fqe7aB3Jn88A4D79Rbla3sqO3ifQOwWoO9qlHetA==",
      "requires": {
        "datatables.net": "^1.10.15",
        "jquery": ">=1.7"
      }
    },
    "datatables.net-fixedheader-dt": {
      "version": "3.1.5",
      "resolved": "https://registry.npmjs.org/datatables.net-fixedheader-dt/-/datatables.net-fixedheader-dt-3.1.5.tgz",
      "integrity": "sha512-kePF0ejpRJjVyh6HgBrv0OHEO+RkcaebvVOSExH6+Qz0j48wDNqB9LHr8dPv1BEAv1k3YiKp1DheBqsX2jIBCA==",
      "requires": {
        "datatables.net-dt": "^1.10.15",
        "datatables.net-fixedheader": "3.1.5",
        "jquery": ">=1.7"
      }
    },
    "datatables.net-jqui": {
      "version": "1.10.19",
      "resolved": "https://registry.npmjs.org/datatables.net-jqui/-/datatables.net-jqui-1.10.19.tgz",
      "integrity": "sha512-mqmHHT64XWk8e1svSmLPpdXgwlr2lz8bFdQ20wOj0itGiTo+4WC3bf35YLOoA8cKTtQ1IbWxObxcPhyrKrfcgw==",
      "requires": {
        "datatables.net": "1.10.19",
        "jquery": ">=1.7"
      }
    },
    "datatables.net-keytable": {
      "version": "2.5.0",
      "resolved": "https://registry.npmjs.org/datatables.net-keytable/-/datatables.net-keytable-2.5.0.tgz",
      "integrity": "sha512-1h9SpTAR0OU2UXv5NNruLPU2Pk/v0HZd20yc9RAofjkfGHsIIf6vFw8G2We7bY5jn7AbFIE9jNV2rnYDWeTbDg==",
      "requires": {
        "datatables.net": "^1.10.15",
        "jquery": ">=1.7"
      }
    },
    "datatables.net-keytable-dt": {
      "version": "2.5.0",
      "resolved": "https://registry.npmjs.org/datatables.net-keytable-dt/-/datatables.net-keytable-dt-2.5.0.tgz",
      "integrity": "sha512-9kJp8uY8Ie39vXIYmGdxzjQDY34uYvTsb3BdKfo9FN0ElJiJk+0F8Mje7+kw28E11g9n/bOXnJrAyBo6gXLzTA==",
      "requires": {
        "datatables.net-dt": "^1.10.15",
        "datatables.net-keytable": "2.5.0",
        "jquery": ">=1.7"
      }
    },
    "datatables.net-responsive": {
      "version": "2.2.3",
      "resolved": "https://registry.npmjs.org/datatables.net-responsive/-/datatables.net-responsive-2.2.3.tgz",
      "integrity": "sha512-8D6VtZcyuH3FG0Hn5A4LPZQEOX3+HrRFM7HjpmsQc/nQDBbdeBLkJX4Sh/o1nzFTSneuT1Wh/lYZHVPpjcN+Sw==",
      "requires": {
        "datatables.net": "^1.10.15",
        "jquery": ">=1.7"
      }
    },
    "datatables.net-responsive-dt": {
      "version": "2.2.3",
      "resolved": "https://registry.npmjs.org/datatables.net-responsive-dt/-/datatables.net-responsive-dt-2.2.3.tgz",
      "integrity": "sha512-NGxuii+3sWGG150AWmQ5NYCrTaFKUHo6GeizBR8o2Uuy68PnuNrSO27hyLvOYNLHQ9kALT66f/gTaBc2TdznFA==",
      "requires": {
        "datatables.net-dt": "^1.10.15",
        "datatables.net-responsive": "2.2.3",
        "jquery": ">=1.7"
      }
    },
    "datatables.net-rowgroup": {
      "version": "1.1.0",
      "resolved": "https://registry.npmjs.org/datatables.net-rowgroup/-/datatables.net-rowgroup-1.1.0.tgz",
      "integrity": "sha512-OPIiiMTbIoh1hSnJ9lx3avqKpYtEPux5iA6jpWKRdyKbdYU8UQbi5ht3b096frYQplIuAQnQcwqpGmvrf77l6g==",
      "requires": {
        "datatables.net": "^1.10.15",
        "jquery": ">=1.7"
      }
    },
    "datatables.net-rowgroup-dt": {
      "version": "1.1.0",
      "resolved": "https://registry.npmjs.org/datatables.net-rowgroup-dt/-/datatables.net-rowgroup-dt-1.1.0.tgz",
      "integrity": "sha512-c1aRD7qB2UhsLAdaBb6ntEtDazCYGrMn9pOYheRoLuDUphmT9y5llwhNQtkO8CIzDEcH8baIa7HwefIfZawc3g==",
      "requires": {
        "datatables.net-dt": "^1.10.15",
        "datatables.net-rowgroup": "1.1.0",
        "jquery": ">=1.7"
      }
    },
    "datatables.net-scroller": {
      "version": "1.5.1",
      "resolved": "https://registry.npmjs.org/datatables.net-scroller/-/datatables.net-scroller-1.5.1.tgz",
      "integrity": "sha512-aMUarBCREmrSLE0n0NBmOMI55Re+EV4KMpR1rMc2l8jhoE+UQWF1Xe0AYuR4342ybesb1WW8U3RVlLdS6gQCmg==",
      "requires": {
        "datatables.net": "^1.10.15",
        "jquery": ">=1.7"
      }
    },
    "datatables.net-scroller-dt": {
      "version": "1.5.1",
      "resolved": "https://registry.npmjs.org/datatables.net-scroller-dt/-/datatables.net-scroller-dt-1.5.1.tgz",
      "integrity": "sha512-oI3eLabbzP7Kr9DEFZzD7fR+rWVuouCgBZkSjo4ViYS/NwDAcrDEWaQxskoMw5VrIdnqWiLCyBeJLni4gneqUA==",
      "requires": {
        "datatables.net-dt": "^1.10.15",
        "datatables.net-scroller": "1.5.1",
        "jquery": ">=1.7"
      }
    },
    "datatables.net-select": {
      "version": "1.2.7",
      "resolved": "https://registry.npmjs.org/datatables.net-select/-/datatables.net-select-1.2.7.tgz",
      "integrity": "sha512-C3XDi7wpruGjDXV36dc9hN/FrAX9GOFvBZ7+KfKJTBNkGFbbhdzHS91SMeGiwRXPYivAyxfPTcVVndVaO83uBQ==",
      "requires": {
        "datatables.net": "^1.10.15",
        "jquery": ">=1.7"
      }
    },
    "datatables.net-select-dt": {
      "version": "1.2.7",
      "resolved": "https://registry.npmjs.org/datatables.net-select-dt/-/datatables.net-select-dt-1.2.7.tgz",
      "integrity": "sha512-q8pMWJJRgewblXE7TnqlzEXMQe6GFmBKCARFeLBSoEpQLz/ael8a24uu5D48ZrTZX9/8EGESeQQzxckC2EfKlQ==",
      "requires": {
        "datatables.net-dt": "^1.10.15",
        "datatables.net-select": "1.2.7",
        "jquery": ">=1.7"
      }
    },
    "datatables.net-zf": {
      "version": "1.10.19",
      "resolved": "https://registry.npmjs.org/datatables.net-zf/-/datatables.net-zf-1.10.19.tgz",
      "integrity": "sha512-mwYI8liKapeuVWrhhcrBC5KXxwHb8aDJ8ffRuM2jGntqjEqM2zseKi2ltA/9GfgbBVqTksmqKax3ZkVFZpTJcw==",
      "requires": {
        "datatables.net": "1.10.19",
        "jquery": ">=1.7"
      }
    },
    "jquery": {
      "version": "3.3.1",
      "resolved": "https://registry.npmjs.org/jquery/-/jquery-3.3.1.tgz",
      "integrity": "sha512-Ubldcmxp5np52/ENotGxlLe6aGMvmF4R8S6tZjsP6Knsaxd/xp3Zrh50cG93lR6nPXyUFwzN3ZSOQI0wRJNdGg=="
    }
  }
}
